
Microsoft Visual Studio Solution File, Format Version 11.00
# Visual Studio 2010
Project("{8BC9CEB8-8B4A-11D0-8D11-00A0C91BC942}") = "ZEdit", "ZEdit.vcxproj", "{117CC243-81BF-90BA-4F2E-CC1166EACCEF}"
EndProject
Global
	GlobalSection(SolutionConfigurationPlatforms) = preSolution
		Debug|Win32 = Debug|Win32
		Release|Win32 = Release|Win32
	EndGlobalSection
	GlobalSection(ProjectConfigurationPlatforms) = postSolution
		{117CC243-81BF-90BA-4F2E-CC1166EACCEF}.Debug|Win32.ActiveCfg = Debug|Win32
		{117CC243-81BF-90BA-4F2E-CC1166EACCEF}.Debug|Win32.Build.0 = Debug|Win32
		{117CC243-81BF-90BA-4F2E-CC1166EACCEF}.Release|Win32.ActiveCfg = Release|Win32
		{117CC243-81BF-90BA-4F2E-CC1166EACCEF}.Release|Win32.Build.0 = Release|Win32
	EndGlobalSection
	GlobalSection(SolutionProperties) = preSolution
		HideSolutionNode = FALSE
	EndGlobalSection
EndGlobal
